
Microsoft Visual Studio Solution File, Format Version 12.00
# Visual Studio Version 17
VisualStudioVersion = 17.14.36518.9 d17.14
MinimumVisualStudioVersion = 10.0.40219.1
Project("{FAE04EC0-301F-11D3-BF4B-00C04F79EFBC}") = "7.1", "7.1\7.1.csproj", "{692C3093-9E72-478A-BDDD-F924940019FC}"
EndProject
Global
	GlobalSection(SolutionConfigurationPlatforms) = preSolution
		Debug|Any CPU = Debug|Any CPU
		Release|Any CPU = Release|Any CPU
	EndGlobalSection
	GlobalSection(ProjectConfigurationPlatforms) = postSolution
		{692C3093-9E72-478A-BDDD-F924940019FC}.Debug|Any CPU.ActiveCfg = Debug|Any CPU
		{692C3093-9E72-478A-BDDD-F924940019FC}.Debug|Any CPU.Build.0 = Debug|Any CPU
		{692C3093-9E72-478A-BDDD-F924940019FC}.Release|Any CPU.ActiveCfg = Release|Any CPU
		{692C3093-9E72-478A-BDDD-F924940019FC}.Release|Any CPU.Build.0 = Release|Any CPU
	EndGlobalSection
	GlobalSection(SolutionProperties) = preSolution
		HideSolutionNode = FALSE
	EndGlobalSection
	GlobalSection(ExtensibilityGlobals) = postSolution
		SolutionGuid = {D5349EA7-0C63-48A4-AC92-EF5F88BBB5E4}
	EndGlobalSection
EndGlobal
