
Microsoft Visual Studio Solution File, Format Version 12.00
# Visual Studio Version 17
VisualStudioVersion = 17.14.36518.9 d17.14
MinimumVisualStudioVersion = 10.0.40219.1
Project("{FAE04EC0-301F-11D3-BF4B-00C04F79EFBC}") = "1.1.3", "1.1.3\1.1.3.csproj", "{81EAD423-C33F-4E78-B1EF-21FFA4ABE847}"
EndProject
Global
	GlobalSection(SolutionConfigurationPlatforms) = preSolution
		Debug|Any CPU = Debug|Any CPU
		Release|Any CPU = Release|Any CPU
	EndGlobalSection
	GlobalSection(ProjectConfigurationPlatforms) = postSolution
		{81EAD423-C33F-4E78-B1EF-21FFA4ABE847}.Debug|Any CPU.ActiveCfg = Debug|Any CPU
		{81EAD423-C33F-4E78-B1EF-21FFA4ABE847}.Debug|Any CPU.Build.0 = Debug|Any CPU
		{81EAD423-C33F-4E78-B1EF-21FFA4ABE847}.Release|Any CPU.ActiveCfg = Release|Any CPU
		{81EAD423-C33F-4E78-B1EF-21FFA4ABE847}.Release|Any CPU.Build.0 = Release|Any CPU
	EndGlobalSection
	GlobalSection(SolutionProperties) = preSolution
		HideSolutionNode = FALSE
	EndGlobalSection
	GlobalSection(ExtensibilityGlobals) = postSolution
		SolutionGuid = {8D0FC489-F7CB-40C2-8D95-173350C8504D}
	EndGlobalSection
EndGlobal
