
Microsoft Visual Studio Solution File, Format Version 12.00
# Visual Studio Version 17
VisualStudioVersion = 17.14.36518.9 d17.14
MinimumVisualStudioVersion = 10.0.40219.1
Project("{FAE04EC0-301F-11D3-BF4B-00C04F79EFBC}") = "9.3", "9.3\9.3.csproj", "{4DA57BE2-B576-42E9-96FD-55256379DBC4}"
EndProject
Global
	GlobalSection(SolutionConfigurationPlatforms) = preSolution
		Debug|Any CPU = Debug|Any CPU
		Release|Any CPU = Release|Any CPU
	EndGlobalSection
	GlobalSection(ProjectConfigurationPlatforms) = postSolution
		{4DA57BE2-B576-42E9-96FD-55256379DBC4}.Debug|Any CPU.ActiveCfg = Debug|Any CPU
		{4DA57BE2-B576-42E9-96FD-55256379DBC4}.Debug|Any CPU.Build.0 = Debug|Any CPU
		{4DA57BE2-B576-42E9-96FD-55256379DBC4}.Release|Any CPU.ActiveCfg = Release|Any CPU
		{4DA57BE2-B576-42E9-96FD-55256379DBC4}.Release|Any CPU.Build.0 = Release|Any CPU
	EndGlobalSection
	GlobalSection(SolutionProperties) = preSolution
		HideSolutionNode = FALSE
	EndGlobalSection
	GlobalSection(ExtensibilityGlobals) = postSolution
		SolutionGuid = {AE6BAE58-727F-433A-B3A5-0A453DEF6DFB}
	EndGlobalSection
EndGlobal
