
Microsoft Visual Studio Solution File, Format Version 12.00
# Visual Studio Version 17
VisualStudioVersion = 17.14.36518.9 d17.14
MinimumVisualStudioVersion = 10.0.40219.1
Project("{FAE04EC0-301F-11D3-BF4B-00C04F79EFBC}") = "3.4", "3.4\3.4.csproj", "{0CFA2FD0-15F9-4EA8-8AF0-572414942EB9}"
EndProject
Global
	GlobalSection(SolutionConfigurationPlatforms) = preSolution
		Debug|Any CPU = Debug|Any CPU
		Release|Any CPU = Release|Any CPU
	EndGlobalSection
	GlobalSection(ProjectConfigurationPlatforms) = postSolution
		{0CFA2FD0-15F9-4EA8-8AF0-572414942EB9}.Debug|Any CPU.ActiveCfg = Debug|Any CPU
		{0CFA2FD0-15F9-4EA8-8AF0-572414942EB9}.Debug|Any CPU.Build.0 = Debug|Any CPU
		{0CFA2FD0-15F9-4EA8-8AF0-572414942EB9}.Release|Any CPU.ActiveCfg = Release|Any CPU
		{0CFA2FD0-15F9-4EA8-8AF0-572414942EB9}.Release|Any CPU.Build.0 = Release|Any CPU
	EndGlobalSection
	GlobalSection(SolutionProperties) = preSolution
		HideSolutionNode = FALSE
	EndGlobalSection
	GlobalSection(ExtensibilityGlobals) = postSolution
		SolutionGuid = {CFE689F2-0993-4B4B-8747-E7165AC27508}
	EndGlobalSection
EndGlobal
