
Microsoft Visual Studio Solution File, Format Version 12.00
# Visual Studio Version 17
VisualStudioVersion = 17.14.36518.9 d17.14
MinimumVisualStudioVersion = 10.0.40219.1
Project("{FAE04EC0-301F-11D3-BF4B-00C04F79EFBC}") = "5.3", "5.3\5.3.csproj", "{44651561-DD36-4DB8-9AF2-8AC03ED53919}"
EndProject
Global
	GlobalSection(SolutionConfigurationPlatforms) = preSolution
		Debug|Any CPU = Debug|Any CPU
		Release|Any CPU = Release|Any CPU
	EndGlobalSection
	GlobalSection(ProjectConfigurationPlatforms) = postSolution
		{44651561-DD36-4DB8-9AF2-8AC03ED53919}.Debug|Any CPU.ActiveCfg = Debug|Any CPU
		{44651561-DD36-4DB8-9AF2-8AC03ED53919}.Debug|Any CPU.Build.0 = Debug|Any CPU
		{44651561-DD36-4DB8-9AF2-8AC03ED53919}.Release|Any CPU.ActiveCfg = Release|Any CPU
		{44651561-DD36-4DB8-9AF2-8AC03ED53919}.Release|Any CPU.Build.0 = Release|Any CPU
	EndGlobalSection
	GlobalSection(SolutionProperties) = preSolution
		HideSolutionNode = FALSE
	EndGlobalSection
	GlobalSection(ExtensibilityGlobals) = postSolution
		SolutionGuid = {D5400661-5251-4640-BB5A-0776B7DC3370}
	EndGlobalSection
EndGlobal
