
Microsoft Visual Studio Solution File, Format Version 12.00
# Visual Studio Version 17
VisualStudioVersion = 17.14.36518.9 d17.14
MinimumVisualStudioVersion = 10.0.40219.1
Project("{FAE04EC0-301F-11D3-BF4B-00C04F79EFBC}") = "5.1", "5.1\5.1.csproj", "{28CCD6C9-4D33-44D3-9FF5-1858FE374DBF}"
EndProject
Global
	GlobalSection(SolutionConfigurationPlatforms) = preSolution
		Debug|Any CPU = Debug|Any CPU
		Release|Any CPU = Release|Any CPU
	EndGlobalSection
	GlobalSection(ProjectConfigurationPlatforms) = postSolution
		{28CCD6C9-4D33-44D3-9FF5-1858FE374DBF}.Debug|Any CPU.ActiveCfg = Debug|Any CPU
		{28CCD6C9-4D33-44D3-9FF5-1858FE374DBF}.Debug|Any CPU.Build.0 = Debug|Any CPU
		{28CCD6C9-4D33-44D3-9FF5-1858FE374DBF}.Release|Any CPU.ActiveCfg = Release|Any CPU
		{28CCD6C9-4D33-44D3-9FF5-1858FE374DBF}.Release|Any CPU.Build.0 = Release|Any CPU
	EndGlobalSection
	GlobalSection(SolutionProperties) = preSolution
		HideSolutionNode = FALSE
	EndGlobalSection
	GlobalSection(ExtensibilityGlobals) = postSolution
		SolutionGuid = {351F8B6C-B6BA-4752-B318-5A9024FA9253}
	EndGlobalSection
EndGlobal
